
Microsoft Visual Studio Solution File, Format Version 11.00
# Visual Studio 2010
Project("{F2A71F9B-5D33-465A-A702-920D77279786}") = "BowlingKataLib", "BowlingKataLib\BowlingKataLib.fsproj", "{AC6D3F19-C0FF-4623-8191-EC3683E2B48B}"
EndProject
Project("{F2A71F9B-5D33-465A-A702-920D77279786}") = "BowlingKataTests", "BowlingKataTests\BowlingKataTests.fsproj", "{2621C5C6-04B7-4891-A28D-96FD4536E4F7}"
EndProject
Global
	GlobalSection(SolutionConfigurationPlatforms) = preSolution
		Debug|Any CPU = Debug|Any CPU
		Release|Any CPU = Release|Any CPU
	EndGlobalSection
	GlobalSection(ProjectConfigurationPlatforms) = postSolution
		{AC6D3F19-C0FF-4623-8191-EC3683E2B48B}.Debug|Any CPU.ActiveCfg = Debug|Any CPU
		{AC6D3F19-C0FF-4623-8191-EC3683E2B48B}.Debug|Any CPU.Build.0 = Debug|Any CPU
		{AC6D3F19-C0FF-4623-8191-EC3683E2B48B}.Release|Any CPU.ActiveCfg = Release|Any CPU
		{AC6D3F19-C0FF-4623-8191-EC3683E2B48B}.Release|Any CPU.Build.0 = Release|Any CPU
		{2621C5C6-04B7-4891-A28D-96FD4536E4F7}.Debug|Any CPU.ActiveCfg = Debug|Any CPU
		{2621C5C6-04B7-4891-A28D-96FD4536E4F7}.Debug|Any CPU.Build.0 = Debug|Any CPU
		{2621C5C6-04B7-4891-A28D-96FD4536E4F7}.Release|Any CPU.ActiveCfg = Release|Any CPU
		{2621C5C6-04B7-4891-A28D-96FD4536E4F7}.Release|Any CPU.Build.0 = Release|Any CPU
	EndGlobalSection
	GlobalSection(SolutionProperties) = preSolution
		HideSolutionNode = FALSE
	EndGlobalSection
EndGlobal
